// !$*UTF8*$!
{
	archiveVersion = 1;
	classes = {
	};
	objectVersion = 46;
	objects = {

/* Begin PBXBuildFile section */
		F8C6789518F100F90013FCB3 /* Foundation.framework in Frameworks */ = {isa = PBXBuildFile; fileRef = F8C6789418F100F90013FCB3 /* Foundation.framework */; };
		F8C6789718F100F90013FCB3 /* CoreGraphics.framework in Frameworks */ = {isa = PBXBuildFile; fileRef = F8C6789618F100F90013FCB3 /* CoreGraphics.framework */; };
		F8C6789918F100F90013FCB3 /* UIKit.framework in Frameworks */ = {isa = PBXBuildFile; fileRef = F8C6789818F100F90013FCB3 /* UIKit.framework */; };
		F8C6789B18F100F90013FCB3 /* CoreData.framework in Frameworks */ = {isa = PBXBuildFile; fileRef = F8C6789A18F100F90013FCB3 /* CoreData.framework */; };
		F8C678A118F100F90013FCB3 /* InfoPlist.strings in Resources */ = {isa = PBXBuildFile; fileRef = F8C6789F18F100F90013FCB3 /* InfoPlist.strings */; };
		F8C678A318F100F90013FCB3 /* main.m in Sources */ = {isa = PBXBuildFile; fileRef = F8C678A218F100F90013FCB3 /* main.m */; };
		F8C678A718F100F90013FCB3 /* SSAppDelegate.m in Sources */ = {isa = PBXBuildFile; fileRef = F8C678A618F100F90013FCB3 /* SSAppDelegate.m */; };
		F8C678AA18F100F90013FCB3 /* Dictionary.xcdatamodeld in Sources */ = {isa = PBXBuildFile; fileRef = F8C678A818F100F90013FCB3 /* Dictionary.xcdatamodeld */; };
		F8C678AC18F100F90013FCB3 /* Images.xcassets in Resources */ = {isa = PBXBuildFile; fileRef = F8C678AB18F100F90013FCB3 /* Images.xcassets */; };
		F8C678B318F100F90013FCB3 /* XCTest.framework in Frameworks */ = {isa = PBXBuildFile; fileRef = F8C678B218F100F90013FCB3 /* XCTest.framework */; };
		F8C678B418F100F90013FCB3 /* Foundation.framework in Frameworks */ = {isa = PBXBuildFile; fileRef = F8C6789418F100F90013FCB3 /* Foundation.framework */; };
		F8C678B518F100F90013FCB3 /* UIKit.framework in Frameworks */ = {isa = PBXBuildFile; fileRef = F8C6789818F100F90013FCB3 /* UIKit.framework */; };
		F8C678B618F100F90013FCB3 /* CoreData.framework in Frameworks */ = {isa = PBXBuildFile; fileRef = F8C6789A18F100F90013FCB3 /* CoreData.framework */; };
		F8C678BE18F100F90013FCB3 /* InfoPlist.strings in Resources */ = {isa = PBXBuildFile; fileRef = F8C678BC18F100F90013FCB3 /* InfoPlist.strings */; };
		F8C678C018F100F90013FCB3 /* DictionaryTests.m in Sources */ = {isa = PBXBuildFile; fileRef = F8C678BF18F100F90013FCB3 /* DictionaryTests.m */; };
		F8C678CB18F1011C0013FCB3 /* SSResultsTableViewController.m in Sources */ = {isa = PBXBuildFile; fileRef = F8C678CA18F1011C0013FCB3 /* SSResultsTableViewController.m */; };
		F8C678CD18F102D30013FCB3 /* SSResultTableViewCell.xib in Resources */ = {isa = PBXBuildFile; fileRef = F8C678CC18F102D30013FCB3 /* SSResultTableViewCell.xib */; };
		F8C678D018F102E90013FCB3 /* SSResultTableViewCell.m in Sources */ = {isa = PBXBuildFile; fileRef = F8C678CF18F102E90013FCB3 /* SSResultTableViewCell.m */; };
/* End PBXBuildFile section */

/* Begin PBXContainerItemProxy section */
		F8C678B718F100F90013FCB3 /* PBXContainerItemProxy */ = {
			isa = PBXContainerItemProxy;
			containerPortal = F8C6788918F100F90013FCB3 /* Project object */;
			proxyType = 1;
			remoteGlobalIDString = F8C6789018F100F90013FCB3;
			remoteInfo = Dictionary;
		};
/* End PBXContainerItemProxy section */

/* Begin PBXFileReference section */
		F8C6789118F100F90013FCB3 /* Dictionary.app */ = {isa = PBXFileReference; explicitFileType = wrapper.application; includeInIndex = 0; path = Dictionary.app; sourceTree = BUILT_PRODUCTS_DIR; };
		F8C6789418F100F90013FCB3 /* Foundation.framework */ = {isa = PBXFileReference; lastKnownFileType = wrapper.framework; name = Foundation.framework; path = System/Library/Frameworks/Foundation.framework; sourceTree = SDKROOT; };
		F8C6789618F100F90013FCB3 /* CoreGraphics.framework */ = {isa = PBXFileReference; lastKnownFileType = wrapper.framework; name = CoreGraphics.framework; path = System/Library/Frameworks/CoreGraphics.framework; sourceTree = SDKROOT; };
		F8C6789818F100F90013FCB3 /* UIKit.framework */ = {isa = PBXFileReference; lastKnownFileType = wrapper.framework; name = UIKit.framework; path = System/Library/Frameworks/UIKit.framework; sourceTree = SDKROOT; };
		F8C6789A18F100F90013FCB3 /* CoreData.framework */ = {isa = PBXFileReference; lastKnownFileType = wrapper.framework; name = CoreData.framework; path = System/Library/Frameworks/CoreData.framework; sourceTree = SDKROOT; };
		F8C6789E18F100F90013FCB3 /* Dictionary-Info.plist */ = {isa = PBXFileReference; lastKnownFileType = text.plist.xml; path = "Dictionary-Info.plist"; sourceTree = "<group>"; };
		F8C678A018F100F90013FCB3 /* en */ = {isa = PBXFileReference; lastKnownFileType = text.plist.strings; name = en; path = en.lproj/InfoPlist.strings; sourceTree = "<group>"; };
		F8C678A218F100F90013FCB3 /* main.m */ = {isa = PBXFileReference; lastKnownFileType = sourcecode.c.objc; path = main.m; sourceTree = "<group>"; };
		F8C678A418F100F90013FCB3 /* Dictionary-Prefix.pch */ = {isa = PBXFileReference; lastKnownFileType = sourcecode.c.h; path = "Dictionary-Prefix.pch"; sourceTree = "<group>"; };
		F8C678A518F100F90013FCB3 /* SSAppDelegate.h */ = {isa = PBXFileReference; lastKnownFileType = sourcecode.c.h; path = SSAppDelegate.h; sourceTree = "<group>"; };
		F8C678A618F100F90013FCB3 /* SSAppDelegate.m */ = {isa = PBXFileReference; lastKnownFileType = sourcecode.c.objc; path = SSAppDelegate.m; sourceTree = "<group>"; };
		F8C678A918F100F90013FCB3 /* Dictionary.xcdatamodel */ = {isa = PBXFileReference; lastKnownFileType = wrapper.xcdatamodel; path = Dictionary.xcdatamodel; sourceTree = "<group>"; };
		F8C678AB18F100F90013FCB3 /* Images.xcassets */ = {isa = PBXFileReference; lastKnownFileType = folder.assetcatalog; path = Images.xcassets; sourceTree = "<group>"; };
		F8C678B118F100F90013FCB3 /* DictionaryTests.xctest */ = {isa = PBXFileReference; explicitFileType = wrapper.cfbundle; includeInIndex = 0; path = DictionaryTests.xctest; sourceTree = BUILT_PRODUCTS_DIR; };
		F8C678B218F100F90013FCB3 /* XCTest.framework */ = {isa = PBXFileReference; lastKnownFileType = wrapper.framework; name = XCTest.framework; path = Library/Frameworks/XCTest.framework; sourceTree = DEVELOPER_DIR; };
		F8C678BB18F100F90013FCB3 /* DictionaryTests-Info.plist */ = {isa = PBXFileReference; lastKnownFileType = text.plist.xml; path = "DictionaryTests-Info.plist"; sourceTree = "<group>"; };
		F8C678BD18F100F90013FCB3 /* en */ = {isa = PBXFileReference; lastKnownFileType = text.plist.strings; name = en; path = en.lproj/InfoPlist.strings; sourceTree = "<group>"; };
		F8C678BF18F100F90013FCB3 /* DictionaryTests.m */ = {isa = PBXFileReference; lastKnownFileType = sourcecode.c.objc; path = DictionaryTests.m; sourceTree = "<group>"; };
		F8C678C918F1011C0013FCB3 /* SSResultsTableViewController.h */ = {isa = PBXFileReference; fileEncoding = 4; lastKnownFileType = sourcecode.c.h; path = SSResultsTableViewController.h; sourceTree = "<group>"; };
		F8C678CA18F1011C0013FCB3 /* SSResultsTableViewController.m */ = {isa = PBXFileReference; fileEncoding = 4; lastKnownFileType = sourcecode.c.objc; path = SSResultsTableViewController.m; sourceTree = "<group>"; };
		F8C678CC18F102D30013FCB3 /* SSResultTableViewCell.xib */ = {isa = PBXFileReference; fileEncoding = 4; lastKnownFileType = file.xib; path = SSResultTableViewCell.xib; sourceTree = "<group>"; };
		F8C678CE18F102E90013FCB3 /* SSResultTableViewCell.h */ = {isa = PBXFileReference; fileEncoding = 4; lastKnownFileType = sourcecode.c.h; path = SSResultTableViewCell.h; sourceTree = "<group>"; };
		F8C678CF18F102E90013FCB3 /* SSResultTableViewCell.m */ = {isa = PBXFileReference; fileEncoding = 4; lastKnownFileType = sourcecode.c.objc; path = SSResultTableViewCell.m; sourceTree = "<group>"; };
/* End PBXFileReference section */

/* Begin PBXFrameworksBuildPhase section */
		F8C6788E18F100F90013FCB3 /* Frameworks */ = {
			isa = PBXFrameworksBuildPhase;
			buildActionMask = 2147483647;
			files = (
				F8C6789718F100F90013FCB3 /* CoreGraphics.framework in Frameworks */,
				F8C6789B18F100F90013FCB3 /* CoreData.framework in Frameworks */,
				F8C6789918F100F90013FCB3 /* UIKit.framework in Frameworks */,
				F8C6789518F100F90013FCB3 /* Foundation.framework in Frameworks */,
			);
			runOnlyForDeploymentPostprocessing = 0;
		};
		F8C678AE18F100F90013FCB3 /* Frameworks */ = {
			isa = PBXFrameworksBuildPhase;
			buildActionMask = 2147483647;
			files = (
				F8C678B318F100F90013FCB3 /* XCTest.framework in Frameworks */,
				F8C678B618F100F90013FCB3 /* CoreData.framework in Frameworks */,
				F8C678B518F100F90013FCB3 /* UIKit.framework in Frameworks */,
				F8C678B418F100F90013FCB3 /* Foundation.framework in Frameworks */,
			);
			runOnlyForDeploymentPostprocessing = 0;
		};
/* End PBXFrameworksBuildPhase section */

/* Begin PBXGroup section */
		F8C6788818F100F90013FCB3 = {
			isa = PBXGroup;
			children = (
				F8C6789C18F100F90013FCB3 /* Dictionary */,
				F8C678B918F100F90013FCB3 /* DictionaryTests */,
				F8C6789318F100F90013FCB3 /* Frameworks */,
				F8C6789218F100F90013FCB3 /* Products */,
			);
			sourceTree = "<group>";
		};
		F8C6789218F100F90013FCB3 /* Products */ = {
			isa = PBXGroup;
			children = (
				F8C6789118F100F90013FCB3 /* Dictionary.app */,
				F8C678B118F100F90013FCB3 /* DictionaryTests.xctest */,
			);
			name = Products;
			sourceTree = "<group>";
		};
		F8C6789318F100F90013FCB3 /* Frameworks */ = {
			isa = PBXGroup;
			children = (
				F8C6789418F100F90013FCB3 /* Foundation.framework */,
				F8C6789618F100F90013FCB3 /* CoreGraphics.framework */,
				F8C6789818F100F90013FCB3 /* UIKit.framework */,
				F8C6789A18F100F90013FCB3 /* CoreData.framework */,
				F8C678B218F100F90013FCB3 /* XCTest.framework */,
			);
			name = Frameworks;
			sourceTree = "<group>";
		};
		F8C6789C18F100F90013FCB3 /* Dictionary */ = {
			isa = PBXGroup;
			children = (
				F8C678AB18F100F90013FCB3 /* Images.xcassets */,
				F8C6789D18F100F90013FCB3 /* Supporting Files */,
				F8C678A818F100F90013FCB3 /* Dictionary.xcdatamodeld */,
				F8C678A518F100F90013FCB3 /* SSAppDelegate.h */,
				F8C678A618F100F90013FCB3 /* SSAppDelegate.m */,
				F8C678C918F1011C0013FCB3 /* SSResultsTableViewController.h */,
				F8C678CA18F1011C0013FCB3 /* SSResultsTableViewController.m */,
				F8C678CC18F102D30013FCB3 /* SSResultTableViewCell.xib */,
				F8C678CE18F102E90013FCB3 /* SSResultTableViewCell.h */,
				F8C678CF18F102E90013FCB3 /* SSResultTableViewCell.m */,
			);
			path = Dictionary;
			sourceTree = "<group>";
		};
		F8C6789D18F100F90013FCB3 /* Supporting Files */ = {
			isa = PBXGroup;
			children = (
				F8C6789E18F100F90013FCB3 /* Dictionary-Info.plist */,
				F8C6789F18F100F90013FCB3 /* InfoPlist.strings */,
				F8C678A218F100F90013FCB3 /* main.m */,
				F8C678A418F100F90013FCB3 /* Dictionary-Prefix.pch */,
			);
			name = "Supporting Files";
			sourceTree = "<group>";
		};
		F8C678B918F100F90013FCB3 /* DictionaryTests */ = {
			isa = PBXGroup;
			children = (
				F8C678BF18F100F90013FCB3 /* DictionaryTests.m */,
				F8C678BA18F100F90013FCB3 /* Supporting Files */,
			);
			path = DictionaryTests;
			sourceTree = "<group>";
		};
		F8C678BA18F100F90013FCB3 /* Supporting Files */ = {
			isa = PBXGroup;
			children = (
				F8C678BB18F100F90013FCB3 /* DictionaryTests-Info.plist */,
				F8C678BC18F100F90013FCB3 /* InfoPlist.strings */,
			);
			name = "Supporting Files";
			sourceTree = "<group>";
		};
/* End PBXGroup section */

/* Begin PBXNativeTarget section */
		F8C6789018F100F90013FCB3 /* Dictionary */ = {
			isa = PBXNativeTarget;
			buildConfigurationList = F8C678C318F100F90013FCB3 /* Build configuration list for PBXNativeTarget "Dictionary" */;
			buildPhases = (
				F8C6788D18F100F90013FCB3 /* Sources */,
				F8C6788E18F100F90013FCB3 /* Frameworks */,
				F8C6788F18F100F90013FCB3 /* Resources */,
			);
			buildRules = (
			);
			dependencies = (
			);
			name = Dictionary;
			productName = Dictionary;
			productReference = F8C6789118F100F90013FCB3 /* Dictionary.app */;
			productType = "com.apple.product-type.application";
		};
		F8C678B018F100F90013FCB3 /* DictionaryTests */ = {
			isa = PBXNativeTarget;
			buildConfigurationList = F8C678C618F100F90013FCB3 /* Build configuration list for PBXNativeTarget "DictionaryTests" */;
			buildPhases = (
				F8C678AD18F100F90013FCB3 /* Sources */,
				F8C678AE18F100F90013FCB3 /* Frameworks */,
				F8C678AF18F100F90013FCB3 /* Resources */,
			);
			buildRules = (
			);
			dependencies = (
				F8C678B818F100F90013FCB3 /* PBXTargetDependency */,
			);
			name = DictionaryTests;
			productName = DictionaryTests;
			productReference = F8C678B118F100F90013FCB3 /* DictionaryTests.xctest */;
			productType = "com.apple.product-type.bundle.unit-test";
		};
/* End PBXNativeTarget section */

/* Begin PBXProject section */
		F8C6788918F100F90013FCB3 /* Project object */ = {
			isa = PBXProject;
			attributes = {
				CLASSPREFIX = SS;
				LastUpgradeCheck = 0510;
				ORGANIZATIONNAME = "Sairam Sankaran";
				TargetAttributes = {
					F8C678B018F100F90013FCB3 = {
						TestTargetID = F8C6789018F100F90013FCB3;
					};
				};
			};
			buildConfigurationList = F8C6788C18F100F90013FCB3 /* Build configuration list for PBXProject "Dictionary" */;
			compatibilityVersion = "Xcode 3.2";
			developmentRegion = English;
			hasScannedForEncodings = 0;
			knownRegions = (
				en,
			);
			mainGroup = F8C6788818F100F90013FCB3;
			productRefGroup = F8C6789218F100F90013FCB3 /* Products */;
			projectDirPath = "";
			projectRoot = "";
			targets = (
				F8C6789018F100F90013FCB3 /* Dictionary */,
				F8C678B018F100F90013FCB3 /* DictionaryTests */,
			);
		};
/* End PBXProject section */

/* Begin PBXResourcesBuildPhase section */
		F8C6788F18F100F90013FCB3 /* Resources */ = {
			isa = PBXResourcesBuildPhase;
			buildActionMask = 2147483647;
			files = (
				F8C678A118F100F90013FCB3 /* InfoPlist.strings in Resources */,
				F8C678CD18F102D30013FCB3 /* SSResultTableViewCell.xib in Resources */,
				F8C678AC18F100F90013FCB3 /* Images.xcassets in Resources */,
			);
			runOnlyForDeploymentPostprocessing = 0;
		};
		F8C678AF18F100F90013FCB3 /* Resources */ = {
			isa = PBXResourcesBuildPhase;
			buildActionMask = 2147483647;
			files = (
				F8C678BE18F100F90013FCB3 /* InfoPlist.strings in Resources */,
			);
			runOnlyForDeploymentPostprocessing = 0;
		};
/* End PBXResourcesBuildPhase section */

/* Begin PBXSourcesBuildPhase section */
		F8C6788D18F100F90013FCB3 /* Sources */ = {
			isa = PBXSourcesBuildPhase;
			buildActionMask = 2147483647;
			files = (
				F8C678CB18F1011C0013FCB3 /* SSResultsTableViewController.m in Sources */,
				F8C678AA18F100F90013FCB3 /* Dictionary.xcdatamodeld in Sources */,
				F8C678A718F100F90013FCB3 /* SSAppDelegate.m in Sources */,
				F8C678D018F102E90013FCB3 /* SSResultTableViewCell.m in Sources */,
				F8C678A318F100F90013FCB3 /* main.m in Sources */,
			);
			runOnlyForDeploymentPostprocessing = 0;
		};
		F8C678AD18F100F90013FCB3 /* Sources */ = {
			isa = PBXSourcesBuildPhase;
			buildActionMask = 2147483647;
			files = (
				F8C678C018F100F90013FCB3 /* DictionaryTests.m in Sources */,
			);
			runOnlyForDeploymentPostprocessing = 0;
		};
/* End PBXSourcesBuildPhase section */

/* Begin PBXTargetDependency section */
		F8C678B818F100F90013FCB3 /* PBXTargetDependency */ = {
			isa = PBXTargetDependency;
			target = F8C6789018F100F90013FCB3 /* Dictionary */;
			targetProxy = F8C678B718F100F90013FCB3 /* PBXContainerItemProxy */;
		};
/* End PBXTargetDependency section */

/* Begin PBXVariantGroup section */
		F8C6789F18F100F90013FCB3 /* InfoPlist.strings */ = {
			isa = PBXVariantGroup;
			children = (
				F8C678A018F100F90013FCB3 /* en */,
			);
			name = InfoPlist.strings;
			sourceTree = "<group>";
		};
		F8C678BC18F100F90013FCB3 /* InfoPlist.strings */ = {
			isa = PBXVariantGroup;
			children = (
				F8C678BD18F100F90013FCB3 /* en */,
			);
			name = InfoPlist.strings;
			sourceTree = "<group>";
		};
/* End PBXVariantGroup section */

/* Begin XCBuildConfiguration section */
		F8C678C118F100F90013FCB3 /* Debug */ = {
			isa = XCBuildConfiguration;
			buildSettings = {
				ALWAYS_SEARCH_USER_PATHS = NO;
				CLANG_CXX_LANGUAGE_STANDARD = "gnu++0x";
				CLANG_CXX_LIBRARY = "libc++";
				CLANG_ENABLE_MODULES = YES;
				CLANG_ENABLE_OBJC_ARC = YES;
				CLANG_WARN_BOOL_CONVERSION = YES;
				CLANG_WARN_CONSTANT_CONVERSION = YES;
				CLANG_WARN_DIRECT_OBJC_ISA_USAGE = YES_ERROR;
				CLANG_WARN_EMPTY_BODY = YES;
				CLANG_WARN_ENUM_CONVERSION = YES;
				CLANG_WARN_INT_CONVERSION = YES;
				CLANG_WARN_OBJC_ROOT_CLASS = YES_ERROR;
				CLANG_WARN__DUPLICATE_METHOD_MATCH = YES;
				"CODE_SIGN_IDENTITY[sdk=iphoneos*]" = "iPhone Developer";
				COPY_PHASE_STRIP = NO;
				GCC_C_LANGUAGE_STANDARD = gnu99;
				GCC_DYNAMIC_NO_PIC = NO;
				GCC_OPTIMIZATION_LEVEL = 0;
				GCC_PREPROCESSOR_DEFINITIONS = (
					"DEBUG=1",
					"$(inherited)",
				);
				GCC_SYMBOLS_PRIVATE_EXTERN = NO;
				GCC_WARN_64_TO_32_BIT_CONVERSION = YES;
				GCC_WARN_ABOUT_RETURN_TYPE = YES_ERROR;
				GCC_WARN_UNDECLARED_SELECTOR = YES;
				GCC_WARN_UNINITIALIZED_AUTOS = YES_AGGRESSIVE;
				GCC_WARN_UNUSED_FUNCTION = YES;
				GCC_WARN_UNUSED_VARIABLE = YES;
				IPHONEOS_DEPLOYMENT_TARGET = 7.1;
				ONLY_ACTIVE_ARCH = YES;
				SDKROOT = iphoneos;
			};
			name = Debug;
		};
		F8C678C218F100F90013FCB3 /* Release */ = {
			isa = XCBuildConfiguration;
			buildSettings = {
				ALWAYS_SEARCH_USER_PATHS = NO;
				CLANG_CXX_LANGUAGE_STANDARD = "gnu++0x";
				CLANG_CXX_LIBRARY = "libc++";
				CLANG_ENABLE_MODULES = YES;
				CLANG_ENABLE_OBJC_ARC = YES;
				CLANG_WARN_BOOL_CONVERSION = YES;
				CLANG_WARN_CONSTANT_CONVERSION = YES;
				CLANG_WARN_DIRECT_OBJC_ISA_USAGE = YES_ERROR;
				CLANG_WARN_EMPTY_BODY = YES;
				CLANG_WARN_ENUM_CONVERSION = YES;
				CLANG_WARN_INT_CONVERSION = YES;
				CLANG_WARN_OBJC_ROOT_CLASS = YES_ERROR;
				CLANG_WARN__DUPLICATE_METHOD_MATCH = YES;
				"CODE_SIGN_IDENTITY[sdk=iphoneos*]" = "iPhone Developer";
				COPY_PHASE_STRIP = YES;
				ENABLE_NS_ASSERTIONS = NO;
				GCC_C_LANGUAGE_STANDARD = gnu99;
				GCC_WARN_64_TO_32_BIT_CONVERSION = YES;
				GCC_WARN_ABOUT_RETURN_TYPE = YES_ERROR;
				GCC_WARN_UNDECLARED_SELECTOR = YES;
				GCC_WARN_UNINITIALIZED_AUTOS = YES_AGGRESSIVE;
				GCC_WARN_UNUSED_FUNCTION = YES;
				GCC_WARN_UNUSED_VARIABLE = YES;
				IPHONEOS_DEPLOYMENT_TARGET = 7.1;
				SDKROOT = iphoneos;
				VALIDATE_PRODUCT = YES;
			};
			name = Release;
		};
		F8C678C418F100F90013FCB3 /* Debug */ = {
			isa = XCBuildConfiguration;
			buildSettings = {
				ASSETCATALOG_COMPILER_APPICON_NAME = AppIcon;
				ASSETCATALOG_COMPILER_LAUNCHIMAGE_NAME = LaunchImage;
				GCC_PRECOMPILE_PREFIX_HEADER = YES;
				GCC_PREFIX_HEADER = "Dictionary/Dictionary-Prefix.pch";
				INFOPLIST_FILE = "Dictionary/Dictionary-Info.plist";
				PRODUCT_NAME = "$(TARGET_NAME)";
				WRAPPER_EXTENSION = app;
			};
			name = Debug;
		};
		F8C678C518F100F90013FCB3 /* Release */ = {
			isa = XCBuildConfiguration;
			buildSettings = {
				ASSETCATALOG_COMPILER_APPICON_NAME = AppIcon;
				ASSETCATALOG_COMPILER_LAUNCHIMAGE_NAME = LaunchImage;
				GCC_PRECOMPILE_PREFIX_HEADER = YES;
				GCC_PREFIX_HEADER = "Dictionary/Dictionary-Prefix.pch";
				INFOPLIST_FILE = "Dictionary/Dictionary-Info.plist";
				PRODUCT_NAME = "$(TARGET_NAME)";
				WRAPPER_EXTENSION = app;
			};
			name = Release;
		};
		F8C678C718F100F90013FCB3 /* Debug */ = {
			isa = XCBuildConfiguration;
			buildSettings = {
				BUNDLE_LOADER = "$(BUILT_PRODUCTS_DIR)/Dictionary.app/Dictionary";
				FRAMEWORK_SEARCH_PATHS = (
					"$(SDKROOT)/Developer/Library/Frameworks",
					"$(inherited)",
					"$(DEVELOPER_FRAMEWORKS_DIR)",
				);
				GCC_PRECOMPILE_PREFIX_HEADER = YES;
				GCC_PREFIX_HEADER = "Dictionary/Dictionary-Prefix.pch";
				GCC_PREPROCESSOR_DEFINITIONS = (
					"DEBUG=1",
					"$(inherited)",
				);
				INFOPLIST_FILE = "DictionaryTests/DictionaryTests-Info.plist";
				PRODUCT_NAME = "$(TARGET_NAME)";
				TEST_HOST = "$(BUNDLE_LOADER)";
				WRAPPER_EXTENSION = xctest;
			};
			name = Debug;
		};
		F8C678C818F100F90013FCB3 /* Release */ = {
			isa = XCBuildConfiguration;
			buildSettings = {
				BUNDLE_LOADER = "$(BUILT_PRODUCTS_DIR)/Dictionary.app/Dictionary";
				FRAMEWORK_SEARCH_PATHS = (
					"$(SDKROOT)/Developer/Library/Frameworks",
					"$(inherited)",
					"$(DEVELOPER_FRAMEWORKS_DIR)",
				);
				GCC_PRECOMPILE_PREFIX_HEADER = YES;
				GCC_PREFIX_HEADER = "Dictionary/Dictionary-Prefix.pch";
				INFOPLIST_FILE = "DictionaryTests/DictionaryTests-Info.plist";
				PRODUCT_NAME = "$(TARGET_NAME)";
				TEST_HOST = "$(BUNDLE_LOADER)";
				WRAPPER_EXTENSION = xctest;
			};
			name = Release;
		};
/* End XCBuildConfiguration section */

/* Begin XCConfigurationList section */
		F8C6788C18F100F90013FCB3 /* Build configuration list for PBXProject "Dictionary" */ = {
			isa = XCConfigurationList;
			buildConfigurations = (
				F8C678C118F100F90013FCB3 /* Debug */,
				F8C678C218F100F90013FCB3 /* Release */,
			);
			defaultConfigurationIsVisible = 0;
			defaultConfigurationName = Release;
		};
		F8C678C318F100F90013FCB3 /* Build configuration list for PBXNativeTarget "Dictionary" */ = {
			isa = XCConfigurationList;
			buildConfigurations = (
				F8C678C418F100F90013FCB3 /* Debug */,
				F8C678C518F100F90013FCB3 /* Release */,
			);
			defaultConfigurationIsVisible = 0;
		};
		F8C678C618F100F90013FCB3 /* Build configuration list for PBXNativeTarget "DictionaryTests" */ = {
			isa = XCConfigurationList;
			buildConfigurations = (
				F8C678C718F100F90013FCB3 /* Debug */,
				F8C678C818F100F90013FCB3 /* Release */,
			);
			defaultConfigurationIsVisible = 0;
		};
/* End XCConfigurationList section */

/* Begin XCVersionGroup section */
		F8C678A818F100F90013FCB3 /* Dictionary.xcdatamodeld */ = {
			isa = XCVersionGroup;
			children = (
				F8C678A918F100F90013FCB3 /* Dictionary.xcdatamodel */,
			);
			currentVersion = F8C678A918F100F90013FCB3 /* Dictionary.xcdatamodel */;
			path = Dictionary.xcdatamodeld;
			sourceTree = "<group>";
			versionGroupType = wrapper.xcdatamodel;
		};
/* End XCVersionGroup section */
	};
	rootObject = F8C6788918F100F90013FCB3 /* Project object */;
}
